
Microsoft Visual Studio Solution File, Format Version 12.00
# Visual Studio Version 17
VisualStudioVersion = 17.14.36221.1 d17.14
MinimumVisualStudioVersion = 10.0.40219.1
Project("{F184B08F-C81C-45F6-A57F-5ABD9991F28F}") = "DROil", "DROil.vbproj", "{C14251FD-FBCA-4C7D-857B-C160DDCDF532}"
EndProject
Project("{F184B08F-C81C-45F6-A57F-5ABD9991F28F}") = "ClienteLoginCms", "FacturaAFIP\wsaa_cliente_dotnet2-10.09.30\ClienteLoginCms\ClienteLoginCms.vbproj", "{FC1035A9-A56A-4C80-9CE1-DBE0526C6F93}"
EndProject
Project("{F184B08F-C81C-45F6-A57F-5ABD9991F28F}") = "wsfev1_cliente", "FacturaAFIP\wsfev1_cliente\wsfev1_cliente\wsfev1_cliente.vbproj", "{9E8941BF-ADF7-4748-8DFD-C9FCF6ADB453}"
EndProject
Global
	GlobalSection(SolutionConfigurationPlatforms) = preSolution
		Debug|Any CPU = Debug|Any CPU
		Release|Any CPU = Release|Any CPU
	EndGlobalSection
	GlobalSection(ProjectConfigurationPlatforms) = postSolution
		{C14251FD-FBCA-4C7D-857B-C160DDCDF532}.Debug|Any CPU.ActiveCfg = Debug|Any CPU
		{C14251FD-FBCA-4C7D-857B-C160DDCDF532}.Debug|Any CPU.Build.0 = Debug|Any CPU
		{C14251FD-FBCA-4C7D-857B-C160DDCDF532}.Release|Any CPU.ActiveCfg = Release|Any CPU
		{C14251FD-FBCA-4C7D-857B-C160DDCDF532}.Release|Any CPU.Build.0 = Release|Any CPU
		{FC1035A9-A56A-4C80-9CE1-DBE0526C6F93}.Debug|Any CPU.ActiveCfg = Debug|Any CPU
		{FC1035A9-A56A-4C80-9CE1-DBE0526C6F93}.Debug|Any CPU.Build.0 = Debug|Any CPU
		{FC1035A9-A56A-4C80-9CE1-DBE0526C6F93}.Release|Any CPU.ActiveCfg = Release|Any CPU
		{FC1035A9-A56A-4C80-9CE1-DBE0526C6F93}.Release|Any CPU.Build.0 = Release|Any CPU
		{9E8941BF-ADF7-4748-8DFD-C9FCF6ADB453}.Debug|Any CPU.ActiveCfg = Debug|x86
		{9E8941BF-ADF7-4748-8DFD-C9FCF6ADB453}.Debug|Any CPU.Build.0 = Debug|x86
		{9E8941BF-ADF7-4748-8DFD-C9FCF6ADB453}.Release|Any CPU.ActiveCfg = Release|x86
		{9E8941BF-ADF7-4748-8DFD-C9FCF6ADB453}.Release|Any CPU.Build.0 = Release|x86
	EndGlobalSection
	GlobalSection(SolutionProperties) = preSolution
		HideSolutionNode = FALSE
	EndGlobalSection
	GlobalSection(ExtensibilityGlobals) = postSolution
		SolutionGuid = {8CBD0D12-4BD8-4D97-B80E-112B36BBCE89}
	EndGlobalSection
EndGlobal
